
Microsoft Visual Studio Solution File, Format Version 12.00
# Visual Studio Version 16
VisualStudioVersion = 16.0.29920.165
MinimumVisualStudioVersion = 10.0.40219.1
Project("{9A19103F-16F7-4668-BE54-9A1E7A4F7556}") = "WebAPIDemo", "WebAPIDemo\WebAPIDemo.csproj", "{EE6924D8-18D0-4645-8FFB-FFCE1A6F89B0}"
EndProject
Project("{9A19103F-16F7-4668-BE54-9A1E7A4F7556}") = "CRUDwithASPdotNetCore", "CRUDwithASPdotNetCore\CRUDwithASPdotNetCore.csproj", "{A832227A-E16F-4EAF-B7A8-522D7C0A329F}"
EndProject
Project("{9A19103F-16F7-4668-BE54-9A1E7A4F7556}") = "EfDbModelDemo", "EfAdoTemplateTest\EfDbModelDemo.csproj", "{EE3814E9-09FA-48E1-BD6D-46688C832308}"
EndProject
Project("{9A19103F-16F7-4668-BE54-9A1E7A4F7556}") = "UserDataFlow", "UserDataFlow\UserDataFlow.csproj", "{3A3F538E-2CA1-44DD-97CB-0ADC553A16C9}"
EndProject
Project("{9A19103F-16F7-4668-BE54-9A1E7A4F7556}") = "UITask", "PrimeOrNot\UITask.csproj", "{4A2951EB-E521-4B73-8FF7-87BE7D205DE1}"
EndProject
Project("{9A19103F-16F7-4668-BE54-9A1E7A4F7556}") = "WebApi.Model", "WebApi.Model\WebApi.Model.csproj", "{CA4FEEF3-BBB7-458C-B529-722A4A243159}"
EndProject
Project("{FAE04EC0-301F-11D3-BF4B-00C04F79EFBC}") = "FcmTestApp", "FcmTestApp\FcmTestApp.csproj", "{4CD20DFC-325F-4891-AD2D-42875695E152}"
EndProject
Global
	GlobalSection(SolutionConfigurationPlatforms) = preSolution
		Debug|Any CPU = Debug|Any CPU
		Release|Any CPU = Release|Any CPU
	EndGlobalSection
	GlobalSection(ProjectConfigurationPlatforms) = postSolution
		{EE6924D8-18D0-4645-8FFB-FFCE1A6F89B0}.Debug|Any CPU.ActiveCfg = Debug|Any CPU
		{EE6924D8-18D0-4645-8FFB-FFCE1A6F89B0}.Debug|Any CPU.Build.0 = Debug|Any CPU
		{EE6924D8-18D0-4645-8FFB-FFCE1A6F89B0}.Release|Any CPU.ActiveCfg = Release|Any CPU
		{EE6924D8-18D0-4645-8FFB-FFCE1A6F89B0}.Release|Any CPU.Build.0 = Release|Any CPU
		{A832227A-E16F-4EAF-B7A8-522D7C0A329F}.Debug|Any CPU.ActiveCfg = Debug|Any CPU
		{A832227A-E16F-4EAF-B7A8-522D7C0A329F}.Debug|Any CPU.Build.0 = Debug|Any CPU
		{A832227A-E16F-4EAF-B7A8-522D7C0A329F}.Release|Any CPU.ActiveCfg = Release|Any CPU
		{A832227A-E16F-4EAF-B7A8-522D7C0A329F}.Release|Any CPU.Build.0 = Release|Any CPU
		{EE3814E9-09FA-48E1-BD6D-46688C832308}.Debug|Any CPU.ActiveCfg = Debug|Any CPU
		{EE3814E9-09FA-48E1-BD6D-46688C832308}.Debug|Any CPU.Build.0 = Debug|Any CPU
		{EE3814E9-09FA-48E1-BD6D-46688C832308}.Release|Any CPU.ActiveCfg = Release|Any CPU
		{EE3814E9-09FA-48E1-BD6D-46688C832308}.Release|Any CPU.Build.0 = Release|Any CPU
		{3A3F538E-2CA1-44DD-97CB-0ADC553A16C9}.Debug|Any CPU.ActiveCfg = Debug|Any CPU
		{3A3F538E-2CA1-44DD-97CB-0ADC553A16C9}.Debug|Any CPU.Build.0 = Debug|Any CPU
		{3A3F538E-2CA1-44DD-97CB-0ADC553A16C9}.Release|Any CPU.ActiveCfg = Release|Any CPU
		{3A3F538E-2CA1-44DD-97CB-0ADC553A16C9}.Release|Any CPU.Build.0 = Release|Any CPU
		{4A2951EB-E521-4B73-8FF7-87BE7D205DE1}.Debug|Any CPU.ActiveCfg = Debug|Any CPU
		{4A2951EB-E521-4B73-8FF7-87BE7D205DE1}.Debug|Any CPU.Build.0 = Debug|Any CPU
		{4A2951EB-E521-4B73-8FF7-87BE7D205DE1}.Release|Any CPU.ActiveCfg = Release|Any CPU
		{4A2951EB-E521-4B73-8FF7-87BE7D205DE1}.Release|Any CPU.Build.0 = Release|Any CPU
		{CA4FEEF3-BBB7-458C-B529-722A4A243159}.Debug|Any CPU.ActiveCfg = Debug|Any CPU
		{CA4FEEF3-BBB7-458C-B529-722A4A243159}.Debug|Any CPU.Build.0 = Debug|Any CPU
		{CA4FEEF3-BBB7-458C-B529-722A4A243159}.Release|Any CPU.ActiveCfg = Release|Any CPU
		{CA4FEEF3-BBB7-458C-B529-722A4A243159}.Release|Any CPU.Build.0 = Release|Any CPU
		{4CD20DFC-325F-4891-AD2D-42875695E152}.Debug|Any CPU.ActiveCfg = Debug|Any CPU
		{4CD20DFC-325F-4891-AD2D-42875695E152}.Debug|Any CPU.Build.0 = Debug|Any CPU
		{4CD20DFC-325F-4891-AD2D-42875695E152}.Debug|Any CPU.Deploy.0 = Debug|Any CPU
		{4CD20DFC-325F-4891-AD2D-42875695E152}.Release|Any CPU.ActiveCfg = Release|Any CPU
		{4CD20DFC-325F-4891-AD2D-42875695E152}.Release|Any CPU.Build.0 = Release|Any CPU
		{4CD20DFC-325F-4891-AD2D-42875695E152}.Release|Any CPU.Deploy.0 = Release|Any CPU
	EndGlobalSection
	GlobalSection(SolutionProperties) = preSolution
		HideSolutionNode = FALSE
	EndGlobalSection
	GlobalSection(ExtensibilityGlobals) = postSolution
		SolutionGuid = {C2269172-73F9-4B96-9BD2-FFDC67806A4F}
	EndGlobalSection
EndGlobal
